// !$*UTF8*$!
{
	archiveVersion = 1;
	classes = {
	};
	objectVersion = 50;
	objects = {

/* Begin PBXBuildFile section */
		264F1B03210CF0680068D884 /* AppDelegate.m in Sources */ = {isa = PBXBuildFile; fileRef = 264F1B02210CF0680068D884 /* AppDelegate.m */; };
		264F1B0B210CF06A0068D884 /* Assets.xcassets in Resources */ = {isa = PBXBuildFile; fileRef = 264F1B0A210CF06A0068D884 /* Assets.xcassets */; };
		264F1B0E210CF06A0068D884 /* LaunchScreen.storyboard in Resources */ = {isa = PBXBuildFile; fileRef = 264F1B0C210CF06A0068D884 /* LaunchScreen.storyboard */; };
		264F1B11210CF06A0068D884 /* main.m in Sources */ = {isa = PBXBuildFile; fileRef = 264F1B10210CF06A0068D884 /* main.m */; };
		266856E721121BA100A8549D /* CBViewController.m in Sources */ = {isa = PBXBuildFile; fileRef = 266856E621121BA100A8549D /* CBViewController.m */; };
		266856E921121F9B00A8549D /* Main.storyboard in Resources */ = {isa = PBXBuildFile; fileRef = 266856E821121F9B00A8549D /* Main.storyboard */; };
		6559C267A21C600AB0844604 /* libPods-ChatBotPro.a in Frameworks */ = {isa = PBXBuildFile; fileRef = AB7641CB7943F36B27F66F36 /* libPods-ChatBotPro.a */; };
/* End PBXBuildFile section */

/* Begin PBXFileReference section */
		206C4B5F650A71AE7E062D29 /* Pods-ChatBotPro.release.xcconfig */ = {isa = PBXFileReference; includeInIndex = 1; lastKnownFileType = text.xcconfig; name = "Pods-ChatBotPro.release.xcconfig"; path = "Pods/Target Support Files/Pods-ChatBotPro/Pods-ChatBotPro.release.xcconfig"; sourceTree = "<group>"; };
		264F1AFE210CF0680068D884 /* ChatBotPro.app */ = {isa = PBXFileReference; explicitFileType = wrapper.application; includeInIndex = 0; path = ChatBotPro.app; sourceTree = BUILT_PRODUCTS_DIR; };
		264F1B01210CF0680068D884 /* AppDelegate.h */ = {isa = PBXFileReference; lastKnownFileType = sourcecode.c.h; path = AppDelegate.h; sourceTree = "<group>"; };
		264F1B02210CF0680068D884 /* AppDelegate.m */ = {isa = PBXFileReference; lastKnownFileType = sourcecode.c.objc; path = AppDelegate.m; sourceTree = "<group>"; };
		264F1B0A210CF06A0068D884 /* Assets.xcassets */ = {isa = PBXFileReference; lastKnownFileType = folder.assetcatalog; path = Assets.xcassets; sourceTree = "<group>"; };
		264F1B0D210CF06A0068D884 /* Base */ = {isa = PBXFileReference; lastKnownFileType = file.storyboard; name = Base; path = Base.lproj/LaunchScreen.storyboard; sourceTree = "<group>"; };
		264F1B0F210CF06A0068D884 /* Info.plist */ = {isa = PBXFileReference; lastKnownFileType = text.plist.xml; path = Info.plist; sourceTree = "<group>"; };
		264F1B10210CF06A0068D884 /* main.m */ = {isa = PBXFileReference; lastKnownFileType = sourcecode.c.objc; path = main.m; sourceTree = "<group>"; };
		266856E521121BA100A8549D /* CBViewController.h */ = {isa = PBXFileReference; lastKnownFileType = sourcecode.c.h; path = CBViewController.h; sourceTree = "<group>"; };
		266856E621121BA100A8549D /* CBViewController.m */ = {isa = PBXFileReference; lastKnownFileType = sourcecode.c.objc; path = CBViewController.m; sourceTree = "<group>"; };
		266856E821121F9B00A8549D /* Main.storyboard */ = {isa = PBXFileReference; lastKnownFileType = file.storyboard; path = Main.storyboard; sourceTree = "<group>"; };
		8B3807A387FE9241D298FDCB /* Pods-ChatBotPro.debug.xcconfig */ = {isa = PBXFileReference; includeInIndex = 1; lastKnownFileType = text.xcconfig; name = "Pods-ChatBotPro.debug.xcconfig"; path = "Pods/Target Support Files/Pods-ChatBotPro/Pods-ChatBotPro.debug.xcconfig"; sourceTree = "<group>"; };
		AB7641CB7943F36B27F66F36 /* libPods-ChatBotPro.a */ = {isa = PBXFileReference; explicitFileType = archive.ar; includeInIndex = 0; path = "libPods-ChatBotPro.a"; sourceTree = BUILT_PRODUCTS_DIR; };
/* End PBXFileReference section */

/* Begin PBXFrameworksBuildPhase section */
		264F1AFB210CF0680068D884 /* Frameworks */ = {
			isa = PBXFrameworksBuildPhase;
			buildActionMask = 2147483647;
			files = (
				6559C267A21C600AB0844604 /* libPods-ChatBotPro.a in Frameworks */,
			);
			runOnlyForDeploymentPostprocessing = 0;
		};
/* End PBXFrameworksBuildPhase section */

/* Begin PBXGroup section */
		264F1AF5210CF0680068D884 = {
			isa = PBXGroup;
			children = (
				264F1B00210CF0680068D884 /* ChatBotPro */,
				264F1AFF210CF0680068D884 /* Products */,
				A79EA35F6EBB7D8EB6AB90A2 /* Pods */,
				D50B06962D5E9EB7E7F3262A /* Frameworks */,
			);
			sourceTree = "<group>";
		};
		264F1AFF210CF0680068D884 /* Products */ = {
			isa = PBXGroup;
			children = (
				264F1AFE210CF0680068D884 /* ChatBotPro.app */,
			);
			name = Products;
			sourceTree = "<group>";
		};
		264F1B00210CF0680068D884 /* ChatBotPro */ = {
			isa = PBXGroup;
			children = (
				264F1B01210CF0680068D884 /* AppDelegate.h */,
				264F1B02210CF0680068D884 /* AppDelegate.m */,
				266856E521121BA100A8549D /* CBViewController.h */,
				266856E621121BA100A8549D /* CBViewController.m */,
				266856E821121F9B00A8549D /* Main.storyboard */,
				264F1B0A210CF06A0068D884 /* Assets.xcassets */,
				264F1B0C210CF06A0068D884 /* LaunchScreen.storyboard */,
				264F1B0F210CF06A0068D884 /* Info.plist */,
				264F1B10210CF06A0068D884 /* main.m */,
			);
			path = ChatBotPro;
			sourceTree = "<group>";
		};
		A79EA35F6EBB7D8EB6AB90A2 /* Pods */ = {
			isa = PBXGroup;
			children = (
				8B3807A387FE9241D298FDCB /* Pods-ChatBotPro.debug.xcconfig */,
				206C4B5F650A71AE7E062D29 /* Pods-ChatBotPro.release.xcconfig */,
			);
			name = Pods;
			sourceTree = "<group>";
		};
		D50B06962D5E9EB7E7F3262A /* Frameworks */ = {
			isa = PBXGroup;
			children = (
				AB7641CB7943F36B27F66F36 /* libPods-ChatBotPro.a */,
			);
			name = Frameworks;
			sourceTree = "<group>";
		};
/* End PBXGroup section */

/* Begin PBXNativeTarget section */
		264F1AFD210CF0680068D884 /* ChatBotPro */ = {
			isa = PBXNativeTarget;
			buildConfigurationList = 264F1B14210CF06A0068D884 /* Build configuration list for PBXNativeTarget "ChatBotPro" */;
			buildPhases = (
				2CE4077E16C4E8D814BC6B4C /* [CP] Check Pods Manifest.lock */,
				264F1AFA210CF0680068D884 /* Sources */,
				264F1AFB210CF0680068D884 /* Frameworks */,
				264F1AFC210CF0680068D884 /* Resources */,
				5558AAE60F1DC66888B353A2 /* [CP] Copy Pods Resources */,
			);
			buildRules = (
			);
			dependencies = (
			);
			name = ChatBotPro;
			productName = ChatBotPro;
			productReference = 264F1AFE210CF0680068D884 /* ChatBotPro.app */;
			productType = "com.apple.product-type.application";
		};
/* End PBXNativeTarget section */

/* Begin PBXProject section */
		264F1AF6210CF0680068D884 /* Project object */ = {
			isa = PBXProject;
			attributes = {
				LastUpgradeCheck = 1000;
				ORGANIZATIONNAME = PULP;
				TargetAttributes = {
					264F1AFD210CF0680068D884 = {
						CreatedOnToolsVersion = 10.0;
					};
				};
			};
			buildConfigurationList = 264F1AF9210CF0680068D884 /* Build configuration list for PBXProject "ChatBotPro" */;
			compatibilityVersion = "Xcode 9.3";
			developmentRegion = en;
			hasScannedForEncodings = 0;
			knownRegions = (
				en,
				Base,
			);
			mainGroup = 264F1AF5210CF0680068D884;
			productRefGroup = 264F1AFF210CF0680068D884 /* Products */;
			projectDirPath = "";
			projectRoot = "";
			targets = (
				264F1AFD210CF0680068D884 /* ChatBotPro */,
			);
		};
/* End PBXProject section */

/* Begin PBXResourcesBuildPhase section */
		264F1AFC210CF0680068D884 /* Resources */ = {
			isa = PBXResourcesBuildPhase;
			buildActionMask = 2147483647;
			files = (
				266856E921121F9B00A8549D /* Main.storyboard in Resources */,
				264F1B0E210CF06A0068D884 /* LaunchScreen.storyboard in Resources */,
				264F1B0B210CF06A0068D884 /* Assets.xcassets in Resources */,
			);
			runOnlyForDeploymentPostprocessing = 0;
		};
/* End PBXResourcesBuildPhase section */

/* Begin PBXShellScriptBuildPhase section */
		2CE4077E16C4E8D814BC6B4C /* [CP] Check Pods Manifest.lock */ = {
			isa = PBXShellScriptBuildPhase;
			buildActionMask = 2147483647;
			files = (
			);
			inputPaths = (
				"${PODS_PODFILE_DIR_PATH}/Podfile.lock",
				"${PODS_ROOT}/Manifest.lock",
			);
			name = "[CP] Check Pods Manifest.lock";
			outputPaths = (
				"$(DERIVED_FILE_DIR)/Pods-ChatBotPro-checkManifestLockResult.txt",
			);
			runOnlyForDeploymentPostprocessing = 0;
			shellPath = /bin/sh;
			shellScript = "diff \"${PODS_PODFILE_DIR_PATH}/Podfile.lock\" \"${PODS_ROOT}/Manifest.lock\" > /dev/null\nif [ $? != 0 ] ; then\n    # print error to STDERR\n    echo \"error: The sandbox is not in sync with the Podfile.lock. Run 'pod install' or update your CocoaPods installation.\" >&2\n    exit 1\nfi\n# This output is used by Xcode 'outputs' to avoid re-running this script phase.\necho \"SUCCESS\" > \"${SCRIPT_OUTPUT_FILE_0}\"\n";
			showEnvVarsInLog = 0;
		};
		5558AAE60F1DC66888B353A2 /* [CP] Copy Pods Resources */ = {
			isa = PBXShellScriptBuildPhase;
			buildActionMask = 2147483647;
			files = (
			);
			inputPaths = (
				"${SRCROOT}/Pods/Target Support Files/Pods-ChatBotPro/Pods-ChatBotPro-resources.sh",
				"${PODS_CONFIGURATION_BUILD_DIR}/ChatBotPro/ChatBotPro.bundle",
				"${PODS_ROOT}/Vertigo/Vertigo/TGRImageViewController.xib",
			);
			name = "[CP] Copy Pods Resources";
			outputPaths = (
				"${TARGET_BUILD_DIR}/${UNLOCALIZED_RESOURCES_FOLDER_PATH}/ChatBotPro.bundle",
				"${TARGET_BUILD_DIR}/${UNLOCALIZED_RESOURCES_FOLDER_PATH}/TGRImageViewController.nib",
			);
			runOnlyForDeploymentPostprocessing = 0;
			shellPath = /bin/sh;
			shellScript = "\"${SRCROOT}/Pods/Target Support Files/Pods-ChatBotPro/Pods-ChatBotPro-resources.sh\"\n";
			showEnvVarsInLog = 0;
		};
/* End PBXShellScriptBuildPhase section */

/* Begin PBXSourcesBuildPhase section */
		264F1AFA210CF0680068D884 /* Sources */ = {
			isa = PBXSourcesBuildPhase;
			buildActionMask = 2147483647;
			files = (
				264F1B11210CF06A0068D884 /* main.m in Sources */,
				264F1B03210CF0680068D884 /* AppDelegate.m in Sources */,
				266856E721121BA100A8549D /* CBViewController.m in Sources */,
			);
			runOnlyForDeploymentPostprocessing = 0;
		};
/* End PBXSourcesBuildPhase section */

/* Begin PBXVariantGroup section */
		264F1B0C210CF06A0068D884 /* LaunchScreen.storyboard */ = {
			isa = PBXVariantGroup;
			children = (
				264F1B0D210CF06A0068D884 /* Base */,
			);
			name = LaunchScreen.storyboard;
			sourceTree = "<group>";
		};
/* End PBXVariantGroup section */

/* Begin XCBuildConfiguration section */
		264F1B12210CF06A0068D884 /* Debug */ = {
			isa = XCBuildConfiguration;
			buildSettings = {
				ALWAYS_SEARCH_USER_PATHS = NO;
				CLANG_ANALYZER_NONNULL = YES;
				CLANG_ANALYZER_NUMBER_OBJECT_CONVERSION = YES_AGGRESSIVE;
				CLANG_CXX_LANGUAGE_STANDARD = "gnu++14";
				CLANG_CXX_LIBRARY = "libc++";
				CLANG_ENABLE_MODULES = YES;
				CLANG_ENABLE_OBJC_ARC = YES;
				CLANG_ENABLE_OBJC_WEAK = YES;
				CLANG_WARN_BLOCK_CAPTURE_AUTORELEASING = YES;
				CLANG_WARN_BOOL_CONVERSION = YES;
				CLANG_WARN_COMMA = YES;
				CLANG_WARN_CONSTANT_CONVERSION = YES;
				CLANG_WARN_DEPRECATED_OBJC_IMPLEMENTATIONS = YES;
				CLANG_WARN_DIRECT_OBJC_ISA_USAGE = YES_ERROR;
				CLANG_WARN_DOCUMENTATION_COMMENTS = YES;
				CLANG_WARN_EMPTY_BODY = YES;
				CLANG_WARN_ENUM_CONVERSION = YES;
				CLANG_WARN_INFINITE_RECURSION = YES;
				CLANG_WARN_INT_CONVERSION = YES;
				CLANG_WARN_NON_LITERAL_NULL_CONVERSION = YES;
				CLANG_WARN_OBJC_IMPLICIT_RETAIN_SELF = YES;
				CLANG_WARN_OBJC_LITERAL_CONVERSION = YES;
				CLANG_WARN_OBJC_ROOT_CLASS = YES_ERROR;
				CLANG_WARN_RANGE_LOOP_ANALYSIS = YES;
				CLANG_WARN_STRICT_PROTOTYPES = YES;
				CLANG_WARN_SUSPICIOUS_MOVE = YES;
				CLANG_WARN_UNGUARDED_AVAILABILITY = YES_AGGRESSIVE;
				CLANG_WARN_UNREACHABLE_CODE = YES;
				CLANG_WARN__DUPLICATE_METHOD_MATCH = YES;
				CODE_SIGN_IDENTITY = "iPhone Developer";
				COPY_PHASE_STRIP = NO;
				DEBUG_INFORMATION_FORMAT = dwarf;
				ENABLE_STRICT_OBJC_MSGSEND = YES;
				ENABLE_TESTABILITY = YES;
				GCC_C_LANGUAGE_STANDARD = gnu11;
				GCC_DYNAMIC_NO_PIC = NO;
				GCC_NO_COMMON_BLOCKS = YES;
				GCC_OPTIMIZATION_LEVEL = 0;
				GCC_PREPROCESSOR_DEFINITIONS = (
					"DEBUG=1",
					"$(inherited)",
				);
				GCC_WARN_64_TO_32_BIT_CONVERSION = YES;
				GCC_WARN_ABOUT_RETURN_TYPE = YES_ERROR;
				GCC_WARN_UNDECLARED_SELECTOR = YES;
				GCC_WARN_UNINITIALIZED_AUTOS = YES_AGGRESSIVE;
				GCC_WARN_UNUSED_FUNCTION = YES;
				GCC_WARN_UNUSED_VARIABLE = YES;
				IPHONEOS_DEPLOYMENT_TARGET = 12.0;
				MTL_ENABLE_DEBUG_INFO = INCLUDE_SOURCE;
				ONLY_ACTIVE_ARCH = YES;
				SDKROOT = iphoneos;
			};
			name = Debug;
		};
		264F1B13210CF06A0068D884 /* Release */ = {
			isa = XCBuildConfiguration;
			buildSettings = {
				ALWAYS_SEARCH_USER_PATHS = NO;
				CLANG_ANALYZER_NONNULL = YES;
				CLANG_ANALYZER_NUMBER_OBJECT_CONVERSION = YES_AGGRESSIVE;
				CLANG_CXX_LANGUAGE_STANDARD = "gnu++14";
				CLANG_CXX_LIBRARY = "libc++";
				CLANG_ENABLE_MODULES = YES;
				CLANG_ENABLE_OBJC_ARC = YES;
				CLANG_ENABLE_OBJC_WEAK = YES;
				CLANG_WARN_BLOCK_CAPTURE_AUTORELEASING = YES;
				CLANG_WARN_BOOL_CONVERSION = YES;
				CLANG_WARN_COMMA = YES;
				CLANG_WARN_CONSTANT_CONVERSION = YES;
				CLANG_WARN_DEPRECATED_OBJC_IMPLEMENTATIONS = YES;
				CLANG_WARN_DIRECT_OBJC_ISA_USAGE = YES_ERROR;
				CLANG_WARN_DOCUMENTATION_COMMENTS = YES;
				CLANG_WARN_EMPTY_BODY = YES;
				CLANG_WARN_ENUM_CONVERSION = YES;
				CLANG_WARN_INFINITE_RECURSION = YES;
				CLANG_WARN_INT_CONVERSION = YES;
				CLANG_WARN_NON_LITERAL_NULL_CONVERSION = YES;
				CLANG_WARN_OBJC_IMPLICIT_RETAIN_SELF = YES;
				CLANG_WARN_OBJC_LITERAL_CONVERSION = YES;
				CLANG_WARN_OBJC_ROOT_CLASS = YES_ERROR;
				CLANG_WARN_RANGE_LOOP_ANALYSIS = YES;
				CLANG_WARN_STRICT_PROTOTYPES = YES;
				CLANG_WARN_SUSPICIOUS_MOVE = YES;
				CLANG_WARN_UNGUARDED_AVAILABILITY = YES_AGGRESSIVE;
				CLANG_WARN_UNREACHABLE_CODE = YES;
				CLANG_WARN__DUPLICATE_METHOD_MATCH = YES;
				CODE_SIGN_IDENTITY = "iPhone Developer";
				COPY_PHASE_STRIP = NO;
				DEBUG_INFORMATION_FORMAT = "dwarf-with-dsym";
				ENABLE_NS_ASSERTIONS = NO;
				ENABLE_STRICT_OBJC_MSGSEND = YES;
				GCC_C_LANGUAGE_STANDARD = gnu11;
				GCC_NO_COMMON_BLOCKS = YES;
				GCC_WARN_64_TO_32_BIT_CONVERSION = YES;
				GCC_WARN_ABOUT_RETURN_TYPE = YES_ERROR;
				GCC_WARN_UNDECLARED_SELECTOR = YES;
				GCC_WARN_UNINITIALIZED_AUTOS = YES_AGGRESSIVE;
				GCC_WARN_UNUSED_FUNCTION = YES;
				GCC_WARN_UNUSED_VARIABLE = YES;
				IPHONEOS_DEPLOYMENT_TARGET = 12.0;
				MTL_ENABLE_DEBUG_INFO = NO;
				SDKROOT = iphoneos;
				VALIDATE_PRODUCT = YES;
			};
			name = Release;
		};
		264F1B15210CF06A0068D884 /* Debug */ = {
			isa = XCBuildConfiguration;
			baseConfigurationReference = 8B3807A387FE9241D298FDCB /* Pods-ChatBotPro.debug.xcconfig */;
			buildSettings = {
				ASSETCATALOG_COMPILER_APPICON_NAME = AppIcon;
				CODE_SIGN_STYLE = Manual;
				DEVELOPMENT_TEAM = WMR3AQ2S78;
				INFOPLIST_FILE = ChatBotPro/Info.plist;
				LD_RUNPATH_SEARCH_PATHS = (
					"$(inherited)",
					"@executable_path/Frameworks",
				);
				PRODUCT_BUNDLE_IDENTIFIER = com.instappy.wizard;
				PRODUCT_NAME = "$(TARGET_NAME)";
				PROVISIONING_PROFILE = "7ca991c8-28cd-44c1-b2d0-802576b32244";
				PROVISIONING_PROFILE_SPECIFIER = instappy_dev;
				TARGETED_DEVICE_FAMILY = "1,2";
			};
			name = Debug;
		};
		264F1B16210CF06A0068D884 /* Release */ = {
			isa = XCBuildConfiguration;
			baseConfigurationReference = 206C4B5F650A71AE7E062D29 /* Pods-ChatBotPro.release.xcconfig */;
			buildSettings = {
				ASSETCATALOG_COMPILER_APPICON_NAME = AppIcon;
				CODE_SIGN_STYLE = Manual;
				DEVELOPMENT_TEAM = WMR3AQ2S78;
				INFOPLIST_FILE = ChatBotPro/Info.plist;
				LD_RUNPATH_SEARCH_PATHS = (
					"$(inherited)",
					"@executable_path/Frameworks",
				);
				PRODUCT_BUNDLE_IDENTIFIER = com.instappy.wizard;
				PRODUCT_NAME = "$(TARGET_NAME)";
				PROVISIONING_PROFILE = "7ca991c8-28cd-44c1-b2d0-802576b32244";
				PROVISIONING_PROFILE_SPECIFIER = instappy_dev;
				TARGETED_DEVICE_FAMILY = "1,2";
			};
			name = Release;
		};
/* End XCBuildConfiguration section */

/* Begin XCConfigurationList section */
		264F1AF9210CF0680068D884 /* Build configuration list for PBXProject "ChatBotPro" */ = {
			isa = XCConfigurationList;
			buildConfigurations = (
				264F1B12210CF06A0068D884 /* Debug */,
				264F1B13210CF06A0068D884 /* Release */,
			);
			defaultConfigurationIsVisible = 0;
			defaultConfigurationName = Release;
		};
		264F1B14210CF06A0068D884 /* Build configuration list for PBXNativeTarget "ChatBotPro" */ = {
			isa = XCConfigurationList;
			buildConfigurations = (
				264F1B15210CF06A0068D884 /* Debug */,
				264F1B16210CF06A0068D884 /* Release */,
			);
			defaultConfigurationIsVisible = 0;
			defaultConfigurationName = Release;
		};
/* End XCConfigurationList section */
	};
	rootObject = 264F1AF6210CF0680068D884 /* Project object */;
}
